// !$*UTF8*$!
{
	archiveVersion = 1;
	classes = {
	};
	objectVersion = 56;
	objects = {

/* Begin PBXBuildFile section */
		473F5FEF2C4D047D008FAAF2 /* LocationSearchViewModel.swift in Sources */ = {isa = PBXBuildFile; fileRef = 473F5FEE2C4D047D008FAAF2 /* LocationSearchViewModel.swift */; };
		474641A32C481C4300019BA3 /* UberSwiftUIApp.swift in Sources */ = {isa = PBXBuildFile; fileRef = 474641A22C481C4300019BA3 /* UberSwiftUIApp.swift */; };
		474641A72C481C4400019BA3 /* Assets.xcassets in Resources */ = {isa = PBXBuildFile; fileRef = 474641A62C481C4400019BA3 /* Assets.xcassets */; };
		474641AA2C481C4400019BA3 /* Preview Assets.xcassets in Resources */ = {isa = PBXBuildFile; fileRef = 474641A92C481C4400019BA3 /* Preview Assets.xcassets */; };
		47903ABD2C4BC88D001A3A4F /* LocationSearchActivationView.swift in Sources */ = {isa = PBXBuildFile; fileRef = 47903ABC2C4BC88D001A3A4F /* LocationSearchActivationView.swift */; };
		47903ABF2C4BCED2001A3A4F /* MapViewActionButton.swift in Sources */ = {isa = PBXBuildFile; fileRef = 47903ABE2C4BCED2001A3A4F /* MapViewActionButton.swift */; };
		47903AC12C4BD1B2001A3A4F /* LocationSearchView.swift in Sources */ = {isa = PBXBuildFile; fileRef = 47903AC02C4BD1B2001A3A4F /* LocationSearchView.swift */; };
		47903AC32C4BD87E001A3A4F /* LocationSearchResultCell.swift in Sources */ = {isa = PBXBuildFile; fileRef = 47903AC22C4BD87E001A3A4F /* LocationSearchResultCell.swift */; };
		47BE90032C481F17005AF4B7 /* HomeView.swift in Sources */ = {isa = PBXBuildFile; fileRef = 47BE90022C481F17005AF4B7 /* HomeView.swift */; };
		47BE90052C482655005AF4B7 /* UberMapViewRepresentable.swift in Sources */ = {isa = PBXBuildFile; fileRef = 47BE90042C482655005AF4B7 /* UberMapViewRepresentable.swift */; };
		47BE90072C4B9B60005AF4B7 /* LocationManager.swift in Sources */ = {isa = PBXBuildFile; fileRef = 47BE90062C4B9B60005AF4B7 /* LocationManager.swift */; };
		47DDAC3A2C74F97F00021746 /* MapViewState.swift in Sources */ = {isa = PBXBuildFile; fileRef = 47DDAC392C74F97F00021746 /* MapViewState.swift */; };
		47DDAC3D2C7CBA3F00021746 /* RideRequestView.swift in Sources */ = {isa = PBXBuildFile; fileRef = 47DDAC3C2C7CBA3F00021746 /* RideRequestView.swift */; };
/* End PBXBuildFile section */

/* Begin PBXFileReference section */
		473F5FEE2C4D047D008FAAF2 /* LocationSearchViewModel.swift */ = {isa = PBXFileReference; lastKnownFileType = sourcecode.swift; path = LocationSearchViewModel.swift; sourceTree = "<group>"; };
		4746419F2C481C4300019BA3 /* UberSwiftUI.app */ = {isa = PBXFileReference; explicitFileType = wrapper.application; includeInIndex = 0; path = UberSwiftUI.app; sourceTree = BUILT_PRODUCTS_DIR; };
		474641A22C481C4300019BA3 /* UberSwiftUIApp.swift */ = {isa = PBXFileReference; lastKnownFileType = sourcecode.swift; path = UberSwiftUIApp.swift; sourceTree = "<group>"; };
		474641A62C481C4400019BA3 /* Assets.xcassets */ = {isa = PBXFileReference; lastKnownFileType = folder.assetcatalog; path = Assets.xcassets; sourceTree = "<group>"; };
		474641A92C481C4400019BA3 /* Preview Assets.xcassets */ = {isa = PBXFileReference; lastKnownFileType = folder.assetcatalog; path = "Preview Assets.xcassets"; sourceTree = "<group>"; };
		47903ABC2C4BC88D001A3A4F /* LocationSearchActivationView.swift */ = {isa = PBXFileReference; lastKnownFileType = sourcecode.swift; path = LocationSearchActivationView.swift; sourceTree = "<group>"; };
		47903ABE2C4BCED2001A3A4F /* MapViewActionButton.swift */ = {isa = PBXFileReference; lastKnownFileType = sourcecode.swift; path = MapViewActionButton.swift; sourceTree = "<group>"; };
		47903AC02C4BD1B2001A3A4F /* LocationSearchView.swift */ = {isa = PBXFileReference; lastKnownFileType = sourcecode.swift; path = LocationSearchView.swift; sourceTree = "<group>"; };
		47903AC22C4BD87E001A3A4F /* LocationSearchResultCell.swift */ = {isa = PBXFileReference; lastKnownFileType = sourcecode.swift; path = LocationSearchResultCell.swift; sourceTree = "<group>"; };
		47BE90022C481F17005AF4B7 /* HomeView.swift */ = {isa = PBXFileReference; lastKnownFileType = sourcecode.swift; path = HomeView.swift; sourceTree = "<group>"; };
		47BE90042C482655005AF4B7 /* UberMapViewRepresentable.swift */ = {isa = PBXFileReference; lastKnownFileType = sourcecode.swift; path = UberMapViewRepresentable.swift; sourceTree = "<group>"; };
		47BE90062C4B9B60005AF4B7 /* LocationManager.swift */ = {isa = PBXFileReference; lastKnownFileType = sourcecode.swift; path = LocationManager.swift; sourceTree = "<group>"; };
		47DDAC392C74F97F00021746 /* MapViewState.swift */ = {isa = PBXFileReference; lastKnownFileType = sourcecode.swift; path = MapViewState.swift; sourceTree = "<group>"; };
		47DDAC3C2C7CBA3F00021746 /* RideRequestView.swift */ = {isa = PBXFileReference; lastKnownFileType = sourcecode.swift; path = RideRequestView.swift; sourceTree = "<group>"; };
/* End PBXFileReference section */

/* Begin PBXFrameworksBuildPhase section */
		4746419C2C481C4300019BA3 /* Frameworks */ = {
			isa = PBXFrameworksBuildPhase;
			buildActionMask = 2147483647;
			files = (
			);
			runOnlyForDeploymentPostprocessing = 0;
		};
/* End PBXFrameworksBuildPhase section */

/* Begin PBXGroup section */
		474641962C481C4300019BA3 = {
			isa = PBXGroup;
			children = (
				474641A12C481C4300019BA3 /* UberSwiftUI */,
				474641A02C481C4300019BA3 /* Products */,
			);
			sourceTree = "<group>";
		};
		474641A02C481C4300019BA3 /* Products */ = {
			isa = PBXGroup;
			children = (
				4746419F2C481C4300019BA3 /* UberSwiftUI.app */,
			);
			name = Products;
			sourceTree = "<group>";
		};
		474641A12C481C4300019BA3 /* UberSwiftUI */ = {
			isa = PBXGroup;
			children = (
				47BE8FFF2C481EA5005AF4B7 /* Models */,
				47BE8FFE2C481E98005AF4B7 /* Managers */,
				47BE8FFD2C481E86005AF4B7 /* Extensions */,
				47BE8FFC2C481E77005AF4B7 /* Core */,
				47BE8FFB2C481E70005AF4B7 /* App */,
				474641A62C481C4400019BA3 /* Assets.xcassets */,
				474641A82C481C4400019BA3 /* Preview Content */,
			);
			path = UberSwiftUI;
			sourceTree = "<group>";
		};
		474641A82C481C4400019BA3 /* Preview Content */ = {
			isa = PBXGroup;
			children = (
				474641A92C481C4400019BA3 /* Preview Assets.xcassets */,
			);
			path = "Preview Content";
			sourceTree = "<group>";
		};
		47903AB82C4BC81F001A3A4F /* Home */ = {
			isa = PBXGroup;
			children = (
				47BE90012C481EEA005AF4B7 /* Views */,
				47BE90002C481EDB005AF4B7 /* ViewModel */,
			);
			path = Home;
			sourceTree = "<group>";
		};
		47903AB92C4BC838001A3A4F /* LocationSearch */ = {
			isa = PBXGroup;
			children = (
				47903ABB2C4BC860001A3A4F /* ViewModel */,
				47903ABA2C4BC859001A3A4F /* Views */,
			);
			path = LocationSearch;
			sourceTree = "<group>";
		};
		47903ABA2C4BC859001A3A4F /* Views */ = {
			isa = PBXGroup;
			children = (
				47903ABC2C4BC88D001A3A4F /* LocationSearchActivationView.swift */,
				47903AC02C4BD1B2001A3A4F /* LocationSearchView.swift */,
				47903AC22C4BD87E001A3A4F /* LocationSearchResultCell.swift */,
			);
			path = Views;
			sourceTree = "<group>";
		};
		47903ABB2C4BC860001A3A4F /* ViewModel */ = {
			isa = PBXGroup;
			children = (
				473F5FEE2C4D047D008FAAF2 /* LocationSearchViewModel.swift */,
			);
			path = ViewModel;
			sourceTree = "<group>";
		};
		47BE8FFB2C481E70005AF4B7 /* App */ = {
			isa = PBXGroup;
			children = (
				474641A22C481C4300019BA3 /* UberSwiftUIApp.swift */,
			);
			path = App;
			sourceTree = "<group>";
		};
		47BE8FFC2C481E77005AF4B7 /* Core */ = {
			isa = PBXGroup;
			children = (
				47DDAC3B2C7CBA1400021746 /* Trips */,
				47903AB92C4BC838001A3A4F /* LocationSearch */,
				47903AB82C4BC81F001A3A4F /* Home */,
			);
			path = Core;
			sourceTree = "<group>";
		};
		47BE8FFD2C481E86005AF4B7 /* Extensions */ = {
			isa = PBXGroup;
			children = (
			);
			path = Extensions;
			sourceTree = "<group>";
		};
		47BE8FFE2C481E98005AF4B7 /* Managers */ = {
			isa = PBXGroup;
			children = (
				47BE90062C4B9B60005AF4B7 /* LocationManager.swift */,
			);
			path = Managers;
			sourceTree = "<group>";
		};
		47BE8FFF2C481EA5005AF4B7 /* Models */ = {
			isa = PBXGroup;
			children = (
				47DDAC392C74F97F00021746 /* MapViewState.swift */,
			);
			path = Models;
			sourceTree = "<group>";
		};
		47BE90002C481EDB005AF4B7 /* ViewModel */ = {
			isa = PBXGroup;
			children = (
			);
			path = ViewModel;
			sourceTree = "<group>";
		};
		47BE90012C481EEA005AF4B7 /* Views */ = {
			isa = PBXGroup;
			children = (
				47BE90022C481F17005AF4B7 /* HomeView.swift */,
				47BE90042C482655005AF4B7 /* UberMapViewRepresentable.swift */,
				47903ABE2C4BCED2001A3A4F /* MapViewActionButton.swift */,
			);
			path = Views;
			sourceTree = "<group>";
		};
		47DDAC3B2C7CBA1400021746 /* Trips */ = {
			isa = PBXGroup;
			children = (
				47DDAC3C2C7CBA3F00021746 /* RideRequestView.swift */,
			);
			path = Trips;
			sourceTree = "<group>";
		};
/* End PBXGroup section */

/* Begin PBXNativeTarget section */
		4746419E2C481C4300019BA3 /* UberSwiftUI */ = {
			isa = PBXNativeTarget;
			buildConfigurationList = 474641AD2C481C4400019BA3 /* Build configuration list for PBXNativeTarget "UberSwiftUI" */;
			buildPhases = (
				4746419B2C481C4300019BA3 /* Sources */,
				4746419C2C481C4300019BA3 /* Frameworks */,
				4746419D2C481C4300019BA3 /* Resources */,
			);
			buildRules = (
			);
			dependencies = (
			);
			name = UberSwiftUI;
			productName = UberSwiftUI;
			productReference = 4746419F2C481C4300019BA3 /* UberSwiftUI.app */;
			productType = "com.apple.product-type.application";
		};
/* End PBXNativeTarget section */

/* Begin PBXProject section */
		474641972C481C4300019BA3 /* Project object */ = {
			isa = PBXProject;
			attributes = {
				BuildIndependentTargetsInParallel = 1;
				LastSwiftUpdateCheck = 1530;
				LastUpgradeCheck = 1530;
				TargetAttributes = {
					4746419E2C481C4300019BA3 = {
						CreatedOnToolsVersion = 15.3;
					};
				};
			};
			buildConfigurationList = 4746419A2C481C4300019BA3 /* Build configuration list for PBXProject "UberSwiftUI" */;
			compatibilityVersion = "Xcode 14.0";
			developmentRegion = en;
			hasScannedForEncodings = 0;
			knownRegions = (
				en,
				Base,
			);
			mainGroup = 474641962C481C4300019BA3;
			productRefGroup = 474641A02C481C4300019BA3 /* Products */;
			projectDirPath = "";
			projectRoot = "";
			targets = (
				4746419E2C481C4300019BA3 /* UberSwiftUI */,
			);
		};
/* End PBXProject section */

/* Begin PBXResourcesBuildPhase section */
		4746419D2C481C4300019BA3 /* Resources */ = {
			isa = PBXResourcesBuildPhase;
			buildActionMask = 2147483647;
			files = (
				474641AA2C481C4400019BA3 /* Preview Assets.xcassets in Resources */,
				474641A72C481C4400019BA3 /* Assets.xcassets in Resources */,
			);
			runOnlyForDeploymentPostprocessing = 0;
		};
/* End PBXResourcesBuildPhase section */

/* Begin PBXSourcesBuildPhase section */
		4746419B2C481C4300019BA3 /* Sources */ = {
			isa = PBXSourcesBuildPhase;
			buildActionMask = 2147483647;
			files = (
				47903AC12C4BD1B2001A3A4F /* LocationSearchView.swift in Sources */,
				47BE90072C4B9B60005AF4B7 /* LocationManager.swift in Sources */,
				47903ABF2C4BCED2001A3A4F /* MapViewActionButton.swift in Sources */,
				47DDAC3D2C7CBA3F00021746 /* RideRequestView.swift in Sources */,
				47DDAC3A2C74F97F00021746 /* MapViewState.swift in Sources */,
				474641A32C481C4300019BA3 /* UberSwiftUIApp.swift in Sources */,
				47BE90052C482655005AF4B7 /* UberMapViewRepresentable.swift in Sources */,
				47BE90032C481F17005AF4B7 /* HomeView.swift in Sources */,
				47903ABD2C4BC88D001A3A4F /* LocationSearchActivationView.swift in Sources */,
				473F5FEF2C4D047D008FAAF2 /* LocationSearchViewModel.swift in Sources */,
				47903AC32C4BD87E001A3A4F /* LocationSearchResultCell.swift in Sources */,
			);
			runOnlyForDeploymentPostprocessing = 0;
		};
/* End PBXSourcesBuildPhase section */

/* Begin XCBuildConfiguration section */
		474641AB2C481C4400019BA3 /* Debug */ = {
			isa = XCBuildConfiguration;
			buildSettings = {
				ALWAYS_SEARCH_USER_PATHS = NO;
				ASSETCATALOG_COMPILER_GENERATE_SWIFT_ASSET_SYMBOL_EXTENSIONS = YES;
				CLANG_ANALYZER_NONNULL = YES;
				CLANG_ANALYZER_NUMBER_OBJECT_CONVERSION = YES_AGGRESSIVE;
				CLANG_CXX_LANGUAGE_STANDARD = "gnu++20";
				CLANG_ENABLE_MODULES = YES;
				CLANG_ENABLE_OBJC_ARC = YES;
				CLANG_ENABLE_OBJC_WEAK = YES;
				CLANG_WARN_BLOCK_CAPTURE_AUTORELEASING = YES;
				CLANG_WARN_BOOL_CONVERSION = YES;
				CLANG_WARN_COMMA = YES;
				CLANG_WARN_CONSTANT_CONVERSION = YES;
				CLANG_WARN_DEPRECATED_OBJC_IMPLEMENTATIONS = YES;
				CLANG_WARN_DIRECT_OBJC_ISA_USAGE = YES_ERROR;
				CLANG_WARN_DOCUMENTATION_COMMENTS = YES;
				CLANG_WARN_EMPTY_BODY = YES;
				CLANG_WARN_ENUM_CONVERSION = YES;
				CLANG_WARN_INFINITE_RECURSION = YES;
				CLANG_WARN_INT_CONVERSION = YES;
				CLANG_WARN_NON_LITERAL_NULL_CONVERSION = YES;
				CLANG_WARN_OBJC_IMPLICIT_RETAIN_SELF = YES;
				CLANG_WARN_OBJC_LITERAL_CONVERSION = YES;
				CLANG_WARN_OBJC_ROOT_CLASS = YES_ERROR;
				CLANG_WARN_QUOTED_INCLUDE_IN_FRAMEWORK_HEADER = YES;
				CLANG_WARN_RANGE_LOOP_ANALYSIS = YES;
				CLANG_WARN_STRICT_PROTOTYPES = YES;
				CLANG_WARN_SUSPICIOUS_MOVE = YES;
				CLANG_WARN_UNGUARDED_AVAILABILITY = YES_AGGRESSIVE;
				CLANG_WARN_UNREACHABLE_CODE = YES;
				CLANG_WARN__DUPLICATE_METHOD_MATCH = YES;
				COPY_PHASE_STRIP = NO;
				DEBUG_INFORMATION_FORMAT = dwarf;
				ENABLE_STRICT_OBJC_MSGSEND = YES;
				ENABLE_TESTABILITY = YES;
				ENABLE_USER_SCRIPT_SANDBOXING = YES;
				GCC_C_LANGUAGE_STANDARD = gnu17;
				GCC_DYNAMIC_NO_PIC = NO;
				GCC_NO_COMMON_BLOCKS = YES;
				GCC_OPTIMIZATION_LEVEL = 0;
				GCC_PREPROCESSOR_DEFINITIONS = (
					"DEBUG=1",
					"$(inherited)",
				);
				GCC_WARN_64_TO_32_BIT_CONVERSION = YES;
				GCC_WARN_ABOUT_RETURN_TYPE = YES_ERROR;
				GCC_WARN_UNDECLARED_SELECTOR = YES;
				GCC_WARN_UNINITIALIZED_AUTOS = YES_AGGRESSIVE;
				GCC_WARN_UNUSED_FUNCTION = YES;
				GCC_WARN_UNUSED_VARIABLE = YES;
				IPHONEOS_DEPLOYMENT_TARGET = 17.4;
				LOCALIZATION_PREFERS_STRING_CATALOGS = YES;
				MTL_ENABLE_DEBUG_INFO = INCLUDE_SOURCE;
				MTL_FAST_MATH = YES;
				ONLY_ACTIVE_ARCH = YES;
				SDKROOT = iphoneos;
				SWIFT_ACTIVE_COMPILATION_CONDITIONS = "DEBUG $(inherited)";
				SWIFT_OPTIMIZATION_LEVEL = "-Onone";
			};
			name = Debug;
		};
		474641AC2C481C4400019BA3 /* Release */ = {
			isa = XCBuildConfiguration;
			buildSettings = {
				ALWAYS_SEARCH_USER_PATHS = NO;
				ASSETCATALOG_COMPILER_GENERATE_SWIFT_ASSET_SYMBOL_EXTENSIONS = YES;
				CLANG_ANALYZER_NONNULL = YES;
				CLANG_ANALYZER_NUMBER_OBJECT_CONVERSION = YES_AGGRESSIVE;
				CLANG_CXX_LANGUAGE_STANDARD = "gnu++20";
				CLANG_ENABLE_MODULES = YES;
				CLANG_ENABLE_OBJC_ARC = YES;
				CLANG_ENABLE_OBJC_WEAK = YES;
				CLANG_WARN_BLOCK_CAPTURE_AUTORELEASING = YES;
				CLANG_WARN_BOOL_CONVERSION = YES;
				CLANG_WARN_COMMA = YES;
				CLANG_WARN_CONSTANT_CONVERSION = YES;
				CLANG_WARN_DEPRECATED_OBJC_IMPLEMENTATIONS = YES;
				CLANG_WARN_DIRECT_OBJC_ISA_USAGE = YES_ERROR;
				CLANG_WARN_DOCUMENTATION_COMMENTS = YES;
				CLANG_WARN_EMPTY_BODY = YES;
				CLANG_WARN_ENUM_CONVERSION = YES;
				CLANG_WARN_INFINITE_RECURSION = YES;
				CLANG_WARN_INT_CONVERSION = YES;
				CLANG_WARN_NON_LITERAL_NULL_CONVERSION = YES;
				CLANG_WARN_OBJC_IMPLICIT_RETAIN_SELF = YES;
				CLANG_WARN_OBJC_LITERAL_CONVERSION = YES;
				CLANG_WARN_OBJC_ROOT_CLASS = YES_ERROR;
				CLANG_WARN_QUOTED_INCLUDE_IN_FRAMEWORK_HEADER = YES;
				CLANG_WARN_RANGE_LOOP_ANALYSIS = YES;
				CLANG_WARN_STRICT_PROTOTYPES = YES;
				CLANG_WARN_SUSPICIOUS_MOVE = YES;
				CLANG_WARN_UNGUARDED_AVAILABILITY = YES_AGGRESSIVE;
				CLANG_WARN_UNREACHABLE_CODE = YES;
				CLANG_WARN__DUPLICATE_METHOD_MATCH = YES;
				COPY_PHASE_STRIP = NO;
				DEBUG_INFORMATION_FORMAT = "dwarf-with-dsym";
				ENABLE_NS_ASSERTIONS = NO;
				ENABLE_STRICT_OBJC_MSGSEND = YES;
				ENABLE_USER_SCRIPT_SANDBOXING = YES;
				GCC_C_LANGUAGE_STANDARD = gnu17;
				GCC_NO_COMMON_BLOCKS = YES;
				GCC_WARN_64_TO_32_BIT_CONVERSION = YES;
				GCC_WARN_ABOUT_RETURN_TYPE = YES_ERROR;
				GCC_WARN_UNDECLARED_SELECTOR = YES;
				GCC_WARN_UNINITIALIZED_AUTOS = YES_AGGRESSIVE;
				GCC_WARN_UNUSED_FUNCTION = YES;
				GCC_WARN_UNUSED_VARIABLE = YES;
				IPHONEOS_DEPLOYMENT_TARGET = 17.4;
				LOCALIZATION_PREFERS_STRING_CATALOGS = YES;
				MTL_ENABLE_DEBUG_INFO = NO;
				MTL_FAST_MATH = YES;
				SDKROOT = iphoneos;
				SWIFT_COMPILATION_MODE = wholemodule;
				VALIDATE_PRODUCT = YES;
			};
			name = Release;
		};
		474641AE2C481C4400019BA3 /* Debug */ = {
			isa = XCBuildConfiguration;
			buildSettings = {
				ASSETCATALOG_COMPILER_APPICON_NAME = AppIcon;
				ASSETCATALOG_COMPILER_GLOBAL_ACCENT_COLOR_NAME = AccentColor;
				CODE_SIGN_STYLE = Automatic;
				CURRENT_PROJECT_VERSION = 1;
				DEVELOPMENT_ASSET_PATHS = "\"UberSwiftUI/Preview Content\"";
				DEVELOPMENT_TEAM = S7JUM5KJWH;
				ENABLE_PREVIEWS = YES;
				GENERATE_INFOPLIST_FILE = YES;
				INFOPLIST_KEY_NSLocationWhenInUseUsageDescription = "Please allow to access location";
				INFOPLIST_KEY_UIApplicationSceneManifest_Generation = YES;
				INFOPLIST_KEY_UIApplicationSupportsIndirectInputEvents = YES;
				INFOPLIST_KEY_UILaunchScreen_Generation = YES;
				INFOPLIST_KEY_UISupportedInterfaceOrientations_iPad = "UIInterfaceOrientationPortrait UIInterfaceOrientationPortraitUpsideDown UIInterfaceOrientationLandscapeLeft UIInterfaceOrientationLandscapeRight";
				INFOPLIST_KEY_UISupportedInterfaceOrientations_iPhone = "UIInterfaceOrientationPortrait UIInterfaceOrientationLandscapeLeft UIInterfaceOrientationLandscapeRight";
				LD_RUNPATH_SEARCH_PATHS = (
					"$(inherited)",
					"@executable_path/Frameworks",
				);
				MARKETING_VERSION = 1.0;
				PRODUCT_BUNDLE_IDENTIFIER = "-90.UberSwiftUI";
				PRODUCT_NAME = "$(TARGET_NAME)";
				SWIFT_EMIT_LOC_STRINGS = YES;
				SWIFT_VERSION = 5.0;
				TARGETED_DEVICE_FAMILY = "1,2";
			};
			name = Debug;
		};
		474641AF2C481C4400019BA3 /* Release */ = {
			isa = XCBuildConfiguration;
			buildSettings = {
				ASSETCATALOG_COMPILER_APPICON_NAME = AppIcon;
				ASSETCATALOG_COMPILER_GLOBAL_ACCENT_COLOR_NAME = AccentColor;
				CODE_SIGN_STYLE = Automatic;
				CURRENT_PROJECT_VERSION = 1;
				DEVELOPMENT_ASSET_PATHS = "\"UberSwiftUI/Preview Content\"";
				DEVELOPMENT_TEAM = S7JUM5KJWH;
				ENABLE_PREVIEWS = YES;
				GENERATE_INFOPLIST_FILE = YES;
				INFOPLIST_KEY_NSLocationWhenInUseUsageDescription = "Please allow to access location";
				INFOPLIST_KEY_UIApplicationSceneManifest_Generation = YES;
				INFOPLIST_KEY_UIApplicationSupportsIndirectInputEvents = YES;
				INFOPLIST_KEY_UILaunchScreen_Generation = YES;
				INFOPLIST_KEY_UISupportedInterfaceOrientations_iPad = "UIInterfaceOrientationPortrait UIInterfaceOrientationPortraitUpsideDown UIInterfaceOrientationLandscapeLeft UIInterfaceOrientationLandscapeRight";
				INFOPLIST_KEY_UISupportedInterfaceOrientations_iPhone = "UIInterfaceOrientationPortrait UIInterfaceOrientationLandscapeLeft UIInterfaceOrientationLandscapeRight";
				LD_RUNPATH_SEARCH_PATHS = (
					"$(inherited)",
					"@executable_path/Frameworks",
				);
				MARKETING_VERSION = 1.0;
				PRODUCT_BUNDLE_IDENTIFIER = "-90.UberSwiftUI";
				PRODUCT_NAME = "$(TARGET_NAME)";
				SWIFT_EMIT_LOC_STRINGS = YES;
				SWIFT_VERSION = 5.0;
				TARGETED_DEVICE_FAMILY = "1,2";
			};
			name = Release;
		};
/* End XCBuildConfiguration section */

/* Begin XCConfigurationList section */
		4746419A2C481C4300019BA3 /* Build configuration list for PBXProject "UberSwiftUI" */ = {
			isa = XCConfigurationList;
			buildConfigurations = (
				474641AB2C481C4400019BA3 /* Debug */,
				474641AC2C481C4400019BA3 /* Release */,
			);
			defaultConfigurationIsVisible = 0;
			defaultConfigurationName = Release;
		};
		474641AD2C481C4400019BA3 /* Build configuration list for PBXNativeTarget "UberSwiftUI" */ = {
			isa = XCConfigurationList;
			buildConfigurations = (
				474641AE2C481C4400019BA3 /* Debug */,
				474641AF2C481C4400019BA3 /* Release */,
			);
			defaultConfigurationIsVisible = 0;
			defaultConfigurationName = Release;
		};
/* End XCConfigurationList section */
	};
	rootObject = 474641972C481C4300019BA3 /* Project object */;
}
